// !$*UTF8*$!
{
	archiveVersion = 1;
	classes = {
	};
	objectVersion = 46;
	objects = {

/* Begin PBXBuildFile section */
		EC89FE8F15C0ED0F002C1708 /* UIKit.framework in Frameworks */ = {isa = PBXBuildFile; fileRef = EC89FE8E15C0ED0F002C1708 /* UIKit.framework */; };
		EC89FE9115C0ED0F002C1708 /* Foundation.framework in Frameworks */ = {isa = PBXBuildFile; fileRef = EC89FE9015C0ED0F002C1708 /* Foundation.framework */; };
		EC89FE9315C0ED0F002C1708 /* CoreGraphics.framework in Frameworks */ = {isa = PBXBuildFile; fileRef = EC89FE9215C0ED0F002C1708 /* CoreGraphics.framework */; };
		EC89FE9915C0ED0F002C1708 /* InfoPlist.strings in Resources */ = {isa = PBXBuildFile; fileRef = EC89FE9715C0ED0F002C1708 /* InfoPlist.strings */; };
		EC89FE9B15C0ED0F002C1708 /* main.m in Sources */ = {isa = PBXBuildFile; fileRef = EC89FE9A15C0ED0F002C1708 /* main.m */; };
		EC89FE9F15C0ED0F002C1708 /* blogAppDelegate.m in Sources */ = {isa = PBXBuildFile; fileRef = EC89FE9E15C0ED0F002C1708 /* blogAppDelegate.m */; };
		EC89FEB415C0EDBB002C1708 /* KTPhotoBrowser.bundle in Resources */ = {isa = PBXBuildFile; fileRef = EC89FEA615C0EDBB002C1708 /* KTPhotoBrowser.bundle */; };
		EC89FEB515C0EDBB002C1708 /* KTPhotoBrowserGlobal.m in Sources */ = {isa = PBXBuildFile; fileRef = EC89FEA915C0EDBB002C1708 /* KTPhotoBrowserGlobal.m */; settings = {COMPILER_FLAGS = "-fno-objc-arc"; }; };
		EC89FEB615C0EDBB002C1708 /* KTPhotoScrollViewController.m in Sources */ = {isa = PBXBuildFile; fileRef = EC89FEAB15C0EDBB002C1708 /* KTPhotoScrollViewController.m */; settings = {COMPILER_FLAGS = "-fno-objc-arc"; }; };
		EC89FEB715C0EDBB002C1708 /* KTPhotoView.m in Sources */ = {isa = PBXBuildFile; fileRef = EC89FEAD15C0EDBB002C1708 /* KTPhotoView.m */; settings = {COMPILER_FLAGS = "-fno-objc-arc"; }; };
		EC89FEB815C0EDBB002C1708 /* KTThumbsView.m in Sources */ = {isa = PBXBuildFile; fileRef = EC89FEAF15C0EDBB002C1708 /* KTThumbsView.m */; settings = {COMPILER_FLAGS = "-fno-objc-arc"; }; };
		EC89FEB915C0EDBB002C1708 /* KTThumbsViewController.m in Sources */ = {isa = PBXBuildFile; fileRef = EC89FEB115C0EDBB002C1708 /* KTThumbsViewController.m */; settings = {COMPILER_FLAGS = "-fno-objc-arc"; }; };
		EC89FEBA15C0EDBB002C1708 /* KTThumbView.m in Sources */ = {isa = PBXBuildFile; fileRef = EC89FEB315C0EDBB002C1708 /* KTThumbView.m */; settings = {COMPILER_FLAGS = "-fno-objc-arc"; }; };
		EC89FEBF15C0EDDA002C1708 /* FlickrDataSource.m in Sources */ = {isa = PBXBuildFile; fileRef = EC89FEBB15C0EDDA002C1708 /* FlickrDataSource.m */; };
		EC89FEC015C0EDDA002C1708 /* FlickrRootViewController.m in Sources */ = {isa = PBXBuildFile; fileRef = EC89FEBC15C0EDDA002C1708 /* FlickrRootViewController.m */; };
/* End PBXBuildFile section */

/* Begin PBXFileReference section */
		EC89FE8A15C0ED0F002C1708 /* zjding_blog.app */ = {isa = PBXFileReference; explicitFileType = wrapper.application; includeInIndex = 0; path = zjding_blog.app; sourceTree = BUILT_PRODUCTS_DIR; };
		EC89FE8E15C0ED0F002C1708 /* UIKit.framework */ = {isa = PBXFileReference; lastKnownFileType = wrapper.framework; name = UIKit.framework; path = System/Library/Frameworks/UIKit.framework; sourceTree = SDKROOT; };
		EC89FE9015C0ED0F002C1708 /* Foundation.framework */ = {isa = PBXFileReference; lastKnownFileType = wrapper.framework; name = Foundation.framework; path = System/Library/Frameworks/Foundation.framework; sourceTree = SDKROOT; };
		EC89FE9215C0ED0F002C1708 /* CoreGraphics.framework */ = {isa = PBXFileReference; lastKnownFileType = wrapper.framework; name = CoreGraphics.framework; path = System/Library/Frameworks/CoreGraphics.framework; sourceTree = SDKROOT; };
		EC89FE9615C0ED0F002C1708 /* zjding_blog-Info.plist */ = {isa = PBXFileReference; lastKnownFileType = text.plist.xml; path = "zjding_blog-Info.plist"; sourceTree = "<group>"; };
		EC89FE9815C0ED0F002C1708 /* en */ = {isa = PBXFileReference; lastKnownFileType = text.plist.strings; name = en; path = en.lproj/InfoPlist.strings; sourceTree = "<group>"; };
		EC89FE9A15C0ED0F002C1708 /* main.m */ = {isa = PBXFileReference; lastKnownFileType = sourcecode.c.objc; path = main.m; sourceTree = "<group>"; };
		EC89FE9C15C0ED0F002C1708 /* zjding_blog-Prefix.pch */ = {isa = PBXFileReference; lastKnownFileType = sourcecode.c.h; path = "zjding_blog-Prefix.pch"; sourceTree = "<group>"; };
		EC89FE9D15C0ED0F002C1708 /* blogAppDelegate.h */ = {isa = PBXFileReference; lastKnownFileType = sourcecode.c.h; path = blogAppDelegate.h; sourceTree = "<group>"; };
		EC89FE9E15C0ED0F002C1708 /* blogAppDelegate.m */ = {isa = PBXFileReference; lastKnownFileType = sourcecode.c.objc; path = blogAppDelegate.m; sourceTree = "<group>"; };
		EC89FEA615C0EDBB002C1708 /* KTPhotoBrowser.bundle */ = {isa = PBXFileReference; lastKnownFileType = "wrapper.plug-in"; path = KTPhotoBrowser.bundle; sourceTree = "<group>"; };
		EC89FEA715C0EDBB002C1708 /* KTPhotoBrowserDataSource.h */ = {isa = PBXFileReference; fileEncoding = 4; lastKnownFileType = sourcecode.c.h; path = KTPhotoBrowserDataSource.h; sourceTree = "<group>"; };
		EC89FEA815C0EDBB002C1708 /* KTPhotoBrowserGlobal.h */ = {isa = PBXFileReference; fileEncoding = 4; lastKnownFileType = sourcecode.c.h; path = KTPhotoBrowserGlobal.h; sourceTree = "<group>"; };
		EC89FEA915C0EDBB002C1708 /* KTPhotoBrowserGlobal.m */ = {isa = PBXFileReference; fileEncoding = 4; lastKnownFileType = sourcecode.c.objc; path = KTPhotoBrowserGlobal.m; sourceTree = "<group>"; };
		EC89FEAA15C0EDBB002C1708 /* KTPhotoScrollViewController.h */ = {isa = PBXFileReference; fileEncoding = 4; lastKnownFileType = sourcecode.c.h; path = KTPhotoScrollViewController.h; sourceTree = "<group>"; };
		EC89FEAB15C0EDBB002C1708 /* KTPhotoScrollViewController.m */ = {isa = PBXFileReference; fileEncoding = 4; lastKnownFileType = sourcecode.c.objc; path = KTPhotoScrollViewController.m; sourceTree = "<group>"; };
		EC89FEAC15C0EDBB002C1708 /* KTPhotoView.h */ = {isa = PBXFileReference; fileEncoding = 4; lastKnownFileType = sourcecode.c.h; path = KTPhotoView.h; sourceTree = "<group>"; };
		EC89FEAD15C0EDBB002C1708 /* KTPhotoView.m */ = {isa = PBXFileReference; fileEncoding = 4; lastKnownFileType = sourcecode.c.objc; path = KTPhotoView.m; sourceTree = "<group>"; };
		EC89FEAE15C0EDBB002C1708 /* KTThumbsView.h */ = {isa = PBXFileReference; fileEncoding = 4; lastKnownFileType = sourcecode.c.h; path = KTThumbsView.h; sourceTree = "<group>"; };
		EC89FEAF15C0EDBB002C1708 /* KTThumbsView.m */ = {isa = PBXFileReference; fileEncoding = 4; lastKnownFileType = sourcecode.c.objc; path = KTThumbsView.m; sourceTree = "<group>"; };
		EC89FEB015C0EDBB002C1708 /* KTThumbsViewController.h */ = {isa = PBXFileReference; fileEncoding = 4; lastKnownFileType = sourcecode.c.h; path = KTThumbsViewController.h; sourceTree = "<group>"; };
		EC89FEB115C0EDBB002C1708 /* KTThumbsViewController.m */ = {isa = PBXFileReference; fileEncoding = 4; lastKnownFileType = sourcecode.c.objc; path = KTThumbsViewController.m; sourceTree = "<group>"; };
		EC89FEB215C0EDBB002C1708 /* KTThumbView.h */ = {isa = PBXFileReference; fileEncoding = 4; lastKnownFileType = sourcecode.c.h; path = KTThumbView.h; sourceTree = "<group>"; };
		EC89FEB315C0EDBB002C1708 /* KTThumbView.m */ = {isa = PBXFileReference; fileEncoding = 4; lastKnownFileType = sourcecode.c.objc; path = KTThumbView.m; sourceTree = "<group>"; };
		EC89FEBB15C0EDDA002C1708 /* FlickrDataSource.m */ = {isa = PBXFileReference; fileEncoding = 4; lastKnownFileType = sourcecode.c.objc; path = FlickrDataSource.m; sourceTree = "<group>"; };
		EC89FEBC15C0EDDA002C1708 /* FlickrRootViewController.m */ = {isa = PBXFileReference; fileEncoding = 4; lastKnownFileType = sourcecode.c.objc; path = FlickrRootViewController.m; sourceTree = "<group>"; };
		EC89FEBD15C0EDDA002C1708 /* FlickrDataSource.h */ = {isa = PBXFileReference; fileEncoding = 4; lastKnownFileType = sourcecode.c.h; path = FlickrDataSource.h; sourceTree = "<group>"; };
		EC89FEBE15C0EDDA002C1708 /* FlickrRootViewController.h */ = {isa = PBXFileReference; fileEncoding = 4; lastKnownFileType = sourcecode.c.h; path = FlickrRootViewController.h; sourceTree = "<group>"; };
/* End PBXFileReference section */

/* Begin PBXFrameworksBuildPhase section */
		EC89FE8715C0ED0F002C1708 /* Frameworks */ = {
			isa = PBXFrameworksBuildPhase;
			buildActionMask = 2147483647;
			files = (
				EC89FE8F15C0ED0F002C1708 /* UIKit.framework in Frameworks */,
				EC89FE9115C0ED0F002C1708 /* Foundation.framework in Frameworks */,
				EC89FE9315C0ED0F002C1708 /* CoreGraphics.framework in Frameworks */,
			);
			runOnlyForDeploymentPostprocessing = 0;
		};
/* End PBXFrameworksBuildPhase section */

/* Begin PBXGroup section */
		EC89FE7F15C0ED0E002C1708 = {
			isa = PBXGroup;
			children = (
				EC89FEA515C0EDBB002C1708 /* KTPhotoBrowser */,
				EC89FE9415C0ED0F002C1708 /* zjding_blog */,
				EC89FE8D15C0ED0F002C1708 /* Frameworks */,
				EC89FE8B15C0ED0F002C1708 /* Products */,
			);
			sourceTree = "<group>";
		};
		EC89FE8B15C0ED0F002C1708 /* Products */ = {
			isa = PBXGroup;
			children = (
				EC89FE8A15C0ED0F002C1708 /* zjding_blog.app */,
			);
			name = Products;
			sourceTree = "<group>";
		};
		EC89FE8D15C0ED0F002C1708 /* Frameworks */ = {
			isa = PBXGroup;
			children = (
				EC89FE8E15C0ED0F002C1708 /* UIKit.framework */,
				EC89FE9015C0ED0F002C1708 /* Foundation.framework */,
				EC89FE9215C0ED0F002C1708 /* CoreGraphics.framework */,
			);
			name = Frameworks;
			sourceTree = "<group>";
		};
		EC89FE9415C0ED0F002C1708 /* zjding_blog */ = {
			isa = PBXGroup;
			children = (
				EC89FEBD15C0EDDA002C1708 /* FlickrDataSource.h */,
				EC89FEBB15C0EDDA002C1708 /* FlickrDataSource.m */,
				EC89FEBE15C0EDDA002C1708 /* FlickrRootViewController.h */,
				EC89FEBC15C0EDDA002C1708 /* FlickrRootViewController.m */,
				EC89FE9D15C0ED0F002C1708 /* blogAppDelegate.h */,
				EC89FE9E15C0ED0F002C1708 /* blogAppDelegate.m */,
				EC89FE9515C0ED0F002C1708 /* Supporting Files */,
			);
			path = zjding_blog;
			sourceTree = "<group>";
		};
		EC89FE9515C0ED0F002C1708 /* Supporting Files */ = {
			isa = PBXGroup;
			children = (
				EC89FE9615C0ED0F002C1708 /* zjding_blog-Info.plist */,
				EC89FE9715C0ED0F002C1708 /* InfoPlist.strings */,
				EC89FE9A15C0ED0F002C1708 /* main.m */,
				EC89FE9C15C0ED0F002C1708 /* zjding_blog-Prefix.pch */,
			);
			name = "Supporting Files";
			sourceTree = "<group>";
		};
		EC89FEA515C0EDBB002C1708 /* KTPhotoBrowser */ = {
			isa = PBXGroup;
			children = (
				EC89FEA615C0EDBB002C1708 /* KTPhotoBrowser.bundle */,
				EC89FEA715C0EDBB002C1708 /* KTPhotoBrowserDataSource.h */,
				EC89FEA815C0EDBB002C1708 /* KTPhotoBrowserGlobal.h */,
				EC89FEA915C0EDBB002C1708 /* KTPhotoBrowserGlobal.m */,
				EC89FEAA15C0EDBB002C1708 /* KTPhotoScrollViewController.h */,
				EC89FEAB15C0EDBB002C1708 /* KTPhotoScrollViewController.m */,
				EC89FEAC15C0EDBB002C1708 /* KTPhotoView.h */,
				EC89FEAD15C0EDBB002C1708 /* KTPhotoView.m */,
				EC89FEAE15C0EDBB002C1708 /* KTThumbsView.h */,
				EC89FEAF15C0EDBB002C1708 /* KTThumbsView.m */,
				EC89FEB015C0EDBB002C1708 /* KTThumbsViewController.h */,
				EC89FEB115C0EDBB002C1708 /* KTThumbsViewController.m */,
				EC89FEB215C0EDBB002C1708 /* KTThumbView.h */,
				EC89FEB315C0EDBB002C1708 /* KTThumbView.m */,
			);
			path = KTPhotoBrowser;
			sourceTree = "<group>";
		};
/* End PBXGroup section */

/* Begin PBXNativeTarget section */
		EC89FE8915C0ED0F002C1708 /* zjding_blog */ = {
			isa = PBXNativeTarget;
			buildConfigurationList = EC89FEA215C0ED0F002C1708 /* Build configuration list for PBXNativeTarget "zjding_blog" */;
			buildPhases = (
				EC89FE8615C0ED0F002C1708 /* Sources */,
				EC89FE8715C0ED0F002C1708 /* Frameworks */,
				EC89FE8815C0ED0F002C1708 /* Resources */,
			);
			buildRules = (
			);
			dependencies = (
			);
			name = zjding_blog;
			productName = zjding_blog;
			productReference = EC89FE8A15C0ED0F002C1708 /* zjding_blog.app */;
			productType = "com.apple.product-type.application";
		};
/* End PBXNativeTarget section */

/* Begin PBXProject section */
		EC89FE8115C0ED0E002C1708 /* Project object */ = {
			isa = PBXProject;
			attributes = {
				LastUpgradeCheck = 0420;
			};
			buildConfigurationList = EC89FE8415C0ED0E002C1708 /* Build configuration list for PBXProject "zjding_blog" */;
			compatibilityVersion = "Xcode 3.2";
			developmentRegion = English;
			hasScannedForEncodings = 0;
			knownRegions = (
				en,
			);
			mainGroup = EC89FE7F15C0ED0E002C1708;
			productRefGroup = EC89FE8B15C0ED0F002C1708 /* Products */;
			projectDirPath = "";
			projectRoot = "";
			targets = (
				EC89FE8915C0ED0F002C1708 /* zjding_blog */,
			);
		};
/* End PBXProject section */

/* Begin PBXResourcesBuildPhase section */
		EC89FE8815C0ED0F002C1708 /* Resources */ = {
			isa = PBXResourcesBuildPhase;
			buildActionMask = 2147483647;
			files = (
				EC89FE9915C0ED0F002C1708 /* InfoPlist.strings in Resources */,
				EC89FEB415C0EDBB002C1708 /* KTPhotoBrowser.bundle in Resources */,
			);
			runOnlyForDeploymentPostprocessing = 0;
		};
/* End PBXResourcesBuildPhase section */

/* Begin PBXSourcesBuildPhase section */
		EC89FE8615C0ED0F002C1708 /* Sources */ = {
			isa = PBXSourcesBuildPhase;
			buildActionMask = 2147483647;
			files = (
				EC89FE9B15C0ED0F002C1708 /* main.m in Sources */,
				EC89FE9F15C0ED0F002C1708 /* blogAppDelegate.m in Sources */,
				EC89FEB515C0EDBB002C1708 /* KTPhotoBrowserGlobal.m in Sources */,
				EC89FEB615C0EDBB002C1708 /* KTPhotoScrollViewController.m in Sources */,
				EC89FEB715C0EDBB002C1708 /* KTPhotoView.m in Sources */,
				EC89FEB815C0EDBB002C1708 /* KTThumbsView.m in Sources */,
				EC89FEB915C0EDBB002C1708 /* KTThumbsViewController.m in Sources */,
				EC89FEBA15C0EDBB002C1708 /* KTThumbView.m in Sources */,
				EC89FEBF15C0EDDA002C1708 /* FlickrDataSource.m in Sources */,
				EC89FEC015C0EDDA002C1708 /* FlickrRootViewController.m in Sources */,
			);
			runOnlyForDeploymentPostprocessing = 0;
		};
/* End PBXSourcesBuildPhase section */

/* Begin PBXVariantGroup section */
		EC89FE9715C0ED0F002C1708 /* InfoPlist.strings */ = {
			isa = PBXVariantGroup;
			children = (
				EC89FE9815C0ED0F002C1708 /* en */,
			);
			name = InfoPlist.strings;
			sourceTree = "<group>";
		};
/* End PBXVariantGroup section */

/* Begin XCBuildConfiguration section */
		EC89FEA015C0ED0F002C1708 /* Debug */ = {
			isa = XCBuildConfiguration;
			buildSettings = {
				ALWAYS_SEARCH_USER_PATHS = NO;
				ARCHS = "$(ARCHS_STANDARD_32_BIT)";
				CLANG_ENABLE_OBJC_ARC = YES;
				"CODE_SIGN_IDENTITY[sdk=iphoneos*]" = "iPhone Developer";
				COPY_PHASE_STRIP = NO;
				GCC_C_LANGUAGE_STANDARD = gnu99;
				GCC_DYNAMIC_NO_PIC = NO;
				GCC_OPTIMIZATION_LEVEL = 0;
				GCC_PREPROCESSOR_DEFINITIONS = (
					"DEBUG=1",
					"$(inherited)",
				);
				GCC_SYMBOLS_PRIVATE_EXTERN = NO;
				GCC_VERSION = com.apple.compilers.llvm.clang.1_0;
				GCC_WARN_ABOUT_MISSING_PROTOTYPES = YES;
				GCC_WARN_ABOUT_RETURN_TYPE = YES;
				GCC_WARN_UNUSED_VARIABLE = YES;
				IPHONEOS_DEPLOYMENT_TARGET = 5.0;
				SDKROOT = iphoneos;
			};
			name = Debug;
		};
		EC89FEA115C0ED0F002C1708 /* Release */ = {
			isa = XCBuildConfiguration;
			buildSettings = {
				ALWAYS_SEARCH_USER_PATHS = NO;
				ARCHS = "$(ARCHS_STANDARD_32_BIT)";
				CLANG_ENABLE_OBJC_ARC = YES;
				"CODE_SIGN_IDENTITY[sdk=iphoneos*]" = "iPhone Developer";
				COPY_PHASE_STRIP = YES;
				GCC_C_LANGUAGE_STANDARD = gnu99;
				GCC_VERSION = com.apple.compilers.llvm.clang.1_0;
				GCC_WARN_ABOUT_MISSING_PROTOTYPES = YES;
				GCC_WARN_ABOUT_RETURN_TYPE = YES;
				GCC_WARN_UNUSED_VARIABLE = YES;
				IPHONEOS_DEPLOYMENT_TARGET = 5.0;
				OTHER_CFLAGS = "-DNS_BLOCK_ASSERTIONS=1";
				SDKROOT = iphoneos;
				VALIDATE_PRODUCT = YES;
			};
			name = Release;
		};
		EC89FEA315C0ED0F002C1708 /* Debug */ = {
			isa = XCBuildConfiguration;
			buildSettings = {
				GCC_PRECOMPILE_PREFIX_HEADER = YES;
				GCC_PREFIX_HEADER = "zjding_blog/zjding_blog-Prefix.pch";
				INFOPLIST_FILE = "zjding_blog/zjding_blog-Info.plist";
				PRODUCT_NAME = "$(TARGET_NAME)";
				WRAPPER_EXTENSION = app;
			};
			name = Debug;
		};
		EC89FEA415C0ED0F002C1708 /* Release */ = {
			isa = XCBuildConfiguration;
			buildSettings = {
				GCC_PRECOMPILE_PREFIX_HEADER = YES;
				GCC_PREFIX_HEADER = "zjding_blog/zjding_blog-Prefix.pch";
				INFOPLIST_FILE = "zjding_blog/zjding_blog-Info.plist";
				PRODUCT_NAME = "$(TARGET_NAME)";
				WRAPPER_EXTENSION = app;
			};
			name = Release;
		};
/* End XCBuildConfiguration section */

/* Begin XCConfigurationList section */
		EC89FE8415C0ED0E002C1708 /* Build configuration list for PBXProject "zjding_blog" */ = {
			isa = XCConfigurationList;
			buildConfigurations = (
				EC89FEA015C0ED0F002C1708 /* Debug */,
				EC89FEA115C0ED0F002C1708 /* Release */,
			);
			defaultConfigurationIsVisible = 0;
			defaultConfigurationName = Release;
		};
		EC89FEA215C0ED0F002C1708 /* Build configuration list for PBXNativeTarget "zjding_blog" */ = {
			isa = XCConfigurationList;
			buildConfigurations = (
				EC89FEA315C0ED0F002C1708 /* Debug */,
				EC89FEA415C0ED0F002C1708 /* Release */,
			);
			defaultConfigurationIsVisible = 0;
		};
/* End XCConfigurationList section */
	};
	rootObject = EC89FE8115C0ED0E002C1708 /* Project object */;
}
